{
  "constitution/constitution.txt": "3066c390688cf47549fe1c1d1850e6f3c0d8b533328e6d5df74236a352bcab01",
  "constitution/constitution.py": "2fa78f484568f97f07b2b194919c6bfc7be3d6895888dbc3ce55fede56e4821e",
  "constitution/constitution.lock": "f0c1a45d79a4fa020b7e811f475142fc73f01619d256aadd15a9aaa930529c4b",
  "main.py": "9f915a35a6965e3d3125af2e8272a6e5f3650a49e13c7263dc3f94495875d496"
}
