{
  "constitution/constitution.txt": "44ab92065a83cc00094d3be2ab6bc451863374b59dc0efb3b055c5cc53ad50f7",
  "constitution/constitution.py": "2fa78f484568f97f07b2b194919c6bfc7be3d6895888dbc3ce55fede56e4821e",
  "constitution/constitution.lock": "82de17193b2b2092a53fec61f9695524dcd5a7b85cf8977d6a9a3efe66910dc5",
  "main.py": "45be2844132807f6f95d534833d18d0842a1df2e909ca8a60c57512d6c2d3410"
}